
Microsoft Visual Studio Solution File, Format Version 12.00
# Visual Studio 14
VisualStudioVersion = 14.0.25420.1
MinimumVisualStudioVersion = 10.0.40219.1
Project("{FAE04EC0-301F-11D3-BF4B-00C04F79EFBC}") = "Backtest", "Backtest\Backtest.csproj", "{D381ED2F-41DB-47EA-874B-AAC56FA65532}"
EndProject
Project("{FAE04EC0-301F-11D3-BF4B-00C04F79EFBC}") = "Backtest.Infrastructure", "Backtest.Infrastructure\Backtest.Infrastructure.csproj", "{1FF91B40-1A00-4FDC-90A7-C85F2F34D651}"
EndProject
Project("{FAE04EC0-301F-11D3-BF4B-00C04F79EFBC}") = "BinBuilder", "BinBuilder\BinBuilder.csproj", "{49EC57C8-0828-45FA-99A5-E280BBD762D4}"
EndProject
Project("{FAE04EC0-301F-11D3-BF4B-00C04F79EFBC}") = "Tester", "Tester\Tester.csproj", "{03E79128-4DEA-42C8-B613-9C9AE36A4828}"
EndProject
Project("{FAE04EC0-301F-11D3-BF4B-00C04F79EFBC}") = "GoogleWriter", "GoogleWriter\GoogleWriter.csproj", "{18C3397A-1EA2-4280-80F1-C061B91ABFBE}"
EndProject
Project("{FAE04EC0-301F-11D3-BF4B-00C04F79EFBC}") = "barservice", "barservice\barservice.csproj", "{937DFD64-B2E5-4DCA-A363-53BEA7FE9F1A}"
EndProject
Project("{FAE04EC0-301F-11D3-BF4B-00C04F79EFBC}") = "TestSlave", "TestSlave\TestSlave.csproj", "{D0C6C2D2-BCCB-49A5-AD40-5FF72583EA27}"
EndProject
Project("{FAE04EC0-301F-11D3-BF4B-00C04F79EFBC}") = "TestMaster", "TestMaster\TestMaster.csproj", "{84C6B2FE-4F3F-4F83-8BFF-2CE0D238D7CE}"
EndProject
Project("{FAE04EC0-301F-11D3-BF4B-00C04F79EFBC}") = "ParallelTester", "ParallelTester\ParallelTester.csproj", "{7C98CB43-51DF-4C4B-821A-79DFE1FB05F2}"
EndProject
Project("{FAE04EC0-301F-11D3-BF4B-00C04F79EFBC}") = "EarningsBinBuilder", "EarningsBinBuilder\EarningsBinBuilder.csproj", "{8A1BDC59-9F24-463A-B25E-0F67915D5486}"
EndProject
Project("{FAE04EC0-301F-11D3-BF4B-00C04F79EFBC}") = "dayHighTroubleshooter", "dayHighTroubleshooter\dayHighTroubleshooter.csproj", "{9A7A9E8A-8549-484B-90C2-1FE63BE9EE1E}"
EndProject
Project("{FAE04EC0-301F-11D3-BF4B-00C04F79EFBC}") = "LoadMongo", "LoadMongo\LoadMongo.csproj", "{17D9B548-607D-46AB-8DC2-D000B973DEF7}"
EndProject
Project("{FAE04EC0-301F-11D3-BF4B-00C04F79EFBC}") = "BuildBinFromMongo", "BuildBinFromMongo\BuildBinFromMongo.csproj", "{8A3F95D4-37CB-4D80-B367-027A48B51D89}"
EndProject
Project("{FAE04EC0-301F-11D3-BF4B-00C04F79EFBC}") = "LoadTradingDates", "LoadTradingDates\LoadTradingDates.csproj", "{F65F6C91-6026-4A82-8655-3B50487ADD65}"
EndProject
Project("{FAE04EC0-301F-11D3-BF4B-00C04F79EFBC}") = "LoadNextDay", "LoadNextDay\LoadNextDay.csproj", "{167AB61A-2622-415B-8B6A-0C4A88656F30}"
EndProject
Project("{FAE04EC0-301F-11D3-BF4B-00C04F79EFBC}") = "MongoObjects", "ClassLibrary1\MongoObjects.csproj", "{820EE0AD-DF98-4656-B4FC-488643C9E975}"
EndProject
Global
	GlobalSection(SolutionConfigurationPlatforms) = preSolution
		Debug|Any CPU = Debug|Any CPU
		Debug|x64 = Debug|x64
		Release|Any CPU = Release|Any CPU
		Release|x64 = Release|x64
	EndGlobalSection
	GlobalSection(ProjectConfigurationPlatforms) = postSolution
		{D381ED2F-41DB-47EA-874B-AAC56FA65532}.Debug|Any CPU.ActiveCfg = Debug|Any CPU
		{D381ED2F-41DB-47EA-874B-AAC56FA65532}.Debug|Any CPU.Build.0 = Debug|Any CPU
		{D381ED2F-41DB-47EA-874B-AAC56FA65532}.Debug|x64.ActiveCfg = Debug|Any CPU
		{D381ED2F-41DB-47EA-874B-AAC56FA65532}.Debug|x64.Build.0 = Debug|Any CPU
		{D381ED2F-41DB-47EA-874B-AAC56FA65532}.Release|Any CPU.ActiveCfg = Release|Any CPU
		{D381ED2F-41DB-47EA-874B-AAC56FA65532}.Release|Any CPU.Build.0 = Release|Any CPU
		{D381ED2F-41DB-47EA-874B-AAC56FA65532}.Release|x64.ActiveCfg = Release|Any CPU
		{D381ED2F-41DB-47EA-874B-AAC56FA65532}.Release|x64.Build.0 = Release|Any CPU
		{1FF91B40-1A00-4FDC-90A7-C85F2F34D651}.Debug|Any CPU.ActiveCfg = Debug|Any CPU
		{1FF91B40-1A00-4FDC-90A7-C85F2F34D651}.Debug|Any CPU.Build.0 = Debug|Any CPU
		{1FF91B40-1A00-4FDC-90A7-C85F2F34D651}.Debug|x64.ActiveCfg = Debug|Any CPU
		{1FF91B40-1A00-4FDC-90A7-C85F2F34D651}.Debug|x64.Build.0 = Debug|Any CPU
		{1FF91B40-1A00-4FDC-90A7-C85F2F34D651}.Release|Any CPU.ActiveCfg = Release|Any CPU
		{1FF91B40-1A00-4FDC-90A7-C85F2F34D651}.Release|Any CPU.Build.0 = Release|Any CPU
		{1FF91B40-1A00-4FDC-90A7-C85F2F34D651}.Release|x64.ActiveCfg = Release|Any CPU
		{1FF91B40-1A00-4FDC-90A7-C85F2F34D651}.Release|x64.Build.0 = Release|Any CPU
		{49EC57C8-0828-45FA-99A5-E280BBD762D4}.Debug|Any CPU.ActiveCfg = Debug|Any CPU
		{49EC57C8-0828-45FA-99A5-E280BBD762D4}.Debug|Any CPU.Build.0 = Debug|Any CPU
		{49EC57C8-0828-45FA-99A5-E280BBD762D4}.Debug|x64.ActiveCfg = Debug|x64
		{49EC57C8-0828-45FA-99A5-E280BBD762D4}.Debug|x64.Build.0 = Debug|x64
		{49EC57C8-0828-45FA-99A5-E280BBD762D4}.Release|Any CPU.ActiveCfg = Release|Any CPU
		{49EC57C8-0828-45FA-99A5-E280BBD762D4}.Release|Any CPU.Build.0 = Release|Any CPU
		{49EC57C8-0828-45FA-99A5-E280BBD762D4}.Release|x64.ActiveCfg = Release|x64
		{49EC57C8-0828-45FA-99A5-E280BBD762D4}.Release|x64.Build.0 = Release|x64
		{03E79128-4DEA-42C8-B613-9C9AE36A4828}.Debug|Any CPU.ActiveCfg = Debug|Any CPU
		{03E79128-4DEA-42C8-B613-9C9AE36A4828}.Debug|Any CPU.Build.0 = Debug|Any CPU
		{03E79128-4DEA-42C8-B613-9C9AE36A4828}.Debug|x64.ActiveCfg = Debug|Any CPU
		{03E79128-4DEA-42C8-B613-9C9AE36A4828}.Debug|x64.Build.0 = Debug|Any CPU
		{03E79128-4DEA-42C8-B613-9C9AE36A4828}.Release|Any CPU.ActiveCfg = Release|Any CPU
		{03E79128-4DEA-42C8-B613-9C9AE36A4828}.Release|Any CPU.Build.0 = Release|Any CPU
		{03E79128-4DEA-42C8-B613-9C9AE36A4828}.Release|x64.ActiveCfg = Release|Any CPU
		{03E79128-4DEA-42C8-B613-9C9AE36A4828}.Release|x64.Build.0 = Release|Any CPU
		{18C3397A-1EA2-4280-80F1-C061B91ABFBE}.Debug|Any CPU.ActiveCfg = Debug|Any CPU
		{18C3397A-1EA2-4280-80F1-C061B91ABFBE}.Debug|Any CPU.Build.0 = Debug|Any CPU
		{18C3397A-1EA2-4280-80F1-C061B91ABFBE}.Debug|x64.ActiveCfg = Debug|Any CPU
		{18C3397A-1EA2-4280-80F1-C061B91ABFBE}.Debug|x64.Build.0 = Debug|Any CPU
		{18C3397A-1EA2-4280-80F1-C061B91ABFBE}.Release|Any CPU.ActiveCfg = Release|Any CPU
		{18C3397A-1EA2-4280-80F1-C061B91ABFBE}.Release|Any CPU.Build.0 = Release|Any CPU
		{18C3397A-1EA2-4280-80F1-C061B91ABFBE}.Release|x64.ActiveCfg = Release|Any CPU
		{18C3397A-1EA2-4280-80F1-C061B91ABFBE}.Release|x64.Build.0 = Release|Any CPU
		{937DFD64-B2E5-4DCA-A363-53BEA7FE9F1A}.Debug|Any CPU.ActiveCfg = Debug|Any CPU
		{937DFD64-B2E5-4DCA-A363-53BEA7FE9F1A}.Debug|Any CPU.Build.0 = Debug|Any CPU
		{937DFD64-B2E5-4DCA-A363-53BEA7FE9F1A}.Debug|x64.ActiveCfg = Debug|Any CPU
		{937DFD64-B2E5-4DCA-A363-53BEA7FE9F1A}.Debug|x64.Build.0 = Debug|Any CPU
		{937DFD64-B2E5-4DCA-A363-53BEA7FE9F1A}.Release|Any CPU.ActiveCfg = Release|Any CPU
		{937DFD64-B2E5-4DCA-A363-53BEA7FE9F1A}.Release|Any CPU.Build.0 = Release|Any CPU
		{937DFD64-B2E5-4DCA-A363-53BEA7FE9F1A}.Release|x64.ActiveCfg = Release|Any CPU
		{937DFD64-B2E5-4DCA-A363-53BEA7FE9F1A}.Release|x64.Build.0 = Release|Any CPU
		{D0C6C2D2-BCCB-49A5-AD40-5FF72583EA27}.Debug|Any CPU.ActiveCfg = Debug|Any CPU
		{D0C6C2D2-BCCB-49A5-AD40-5FF72583EA27}.Debug|Any CPU.Build.0 = Debug|Any CPU
		{D0C6C2D2-BCCB-49A5-AD40-5FF72583EA27}.Debug|x64.ActiveCfg = Debug|Any CPU
		{D0C6C2D2-BCCB-49A5-AD40-5FF72583EA27}.Debug|x64.Build.0 = Debug|Any CPU
		{D0C6C2D2-BCCB-49A5-AD40-5FF72583EA27}.Release|Any CPU.ActiveCfg = Release|Any CPU
		{D0C6C2D2-BCCB-49A5-AD40-5FF72583EA27}.Release|Any CPU.Build.0 = Release|Any CPU
		{D0C6C2D2-BCCB-49A5-AD40-5FF72583EA27}.Release|x64.ActiveCfg = Release|Any CPU
		{D0C6C2D2-BCCB-49A5-AD40-5FF72583EA27}.Release|x64.Build.0 = Release|Any CPU
		{84C6B2FE-4F3F-4F83-8BFF-2CE0D238D7CE}.Debug|Any CPU.ActiveCfg = Debug|Any CPU
		{84C6B2FE-4F3F-4F83-8BFF-2CE0D238D7CE}.Debug|Any CPU.Build.0 = Debug|Any CPU
		{84C6B2FE-4F3F-4F83-8BFF-2CE0D238D7CE}.Debug|x64.ActiveCfg = Debug|Any CPU
		{84C6B2FE-4F3F-4F83-8BFF-2CE0D238D7CE}.Debug|x64.Build.0 = Debug|Any CPU
		{84C6B2FE-4F3F-4F83-8BFF-2CE0D238D7CE}.Release|Any CPU.ActiveCfg = Release|Any CPU
		{84C6B2FE-4F3F-4F83-8BFF-2CE0D238D7CE}.Release|Any CPU.Build.0 = Release|Any CPU
		{84C6B2FE-4F3F-4F83-8BFF-2CE0D238D7CE}.Release|x64.ActiveCfg = Release|Any CPU
		{84C6B2FE-4F3F-4F83-8BFF-2CE0D238D7CE}.Release|x64.Build.0 = Release|Any CPU
		{7C98CB43-51DF-4C4B-821A-79DFE1FB05F2}.Debug|Any CPU.ActiveCfg = Debug|Any CPU
		{7C98CB43-51DF-4C4B-821A-79DFE1FB05F2}.Debug|Any CPU.Build.0 = Debug|Any CPU
		{7C98CB43-51DF-4C4B-821A-79DFE1FB05F2}.Debug|x64.ActiveCfg = Debug|Any CPU
		{7C98CB43-51DF-4C4B-821A-79DFE1FB05F2}.Debug|x64.Build.0 = Debug|Any CPU
		{7C98CB43-51DF-4C4B-821A-79DFE1FB05F2}.Release|Any CPU.ActiveCfg = Release|Any CPU
		{7C98CB43-51DF-4C4B-821A-79DFE1FB05F2}.Release|Any CPU.Build.0 = Release|Any CPU
		{7C98CB43-51DF-4C4B-821A-79DFE1FB05F2}.Release|x64.ActiveCfg = Release|Any CPU
		{7C98CB43-51DF-4C4B-821A-79DFE1FB05F2}.Release|x64.Build.0 = Release|Any CPU
		{8A1BDC59-9F24-463A-B25E-0F67915D5486}.Debug|Any CPU.ActiveCfg = Debug|Any CPU
		{8A1BDC59-9F24-463A-B25E-0F67915D5486}.Debug|Any CPU.Build.0 = Debug|Any CPU
		{8A1BDC59-9F24-463A-B25E-0F67915D5486}.Debug|x64.ActiveCfg = Debug|Any CPU
		{8A1BDC59-9F24-463A-B25E-0F67915D5486}.Debug|x64.Build.0 = Debug|Any CPU
		{8A1BDC59-9F24-463A-B25E-0F67915D5486}.Release|Any CPU.ActiveCfg = Release|Any CPU
		{8A1BDC59-9F24-463A-B25E-0F67915D5486}.Release|Any CPU.Build.0 = Release|Any CPU
		{8A1BDC59-9F24-463A-B25E-0F67915D5486}.Release|x64.ActiveCfg = Release|Any CPU
		{8A1BDC59-9F24-463A-B25E-0F67915D5486}.Release|x64.Build.0 = Release|Any CPU
		{9A7A9E8A-8549-484B-90C2-1FE63BE9EE1E}.Debug|Any CPU.ActiveCfg = Debug|Any CPU
		{9A7A9E8A-8549-484B-90C2-1FE63BE9EE1E}.Debug|Any CPU.Build.0 = Debug|Any CPU
		{9A7A9E8A-8549-484B-90C2-1FE63BE9EE1E}.Debug|x64.ActiveCfg = Debug|Any CPU
		{9A7A9E8A-8549-484B-90C2-1FE63BE9EE1E}.Debug|x64.Build.0 = Debug|Any CPU
		{9A7A9E8A-8549-484B-90C2-1FE63BE9EE1E}.Release|Any CPU.ActiveCfg = Release|Any CPU
		{9A7A9E8A-8549-484B-90C2-1FE63BE9EE1E}.Release|Any CPU.Build.0 = Release|Any CPU
		{9A7A9E8A-8549-484B-90C2-1FE63BE9EE1E}.Release|x64.ActiveCfg = Release|Any CPU
		{9A7A9E8A-8549-484B-90C2-1FE63BE9EE1E}.Release|x64.Build.0 = Release|Any CPU
		{17D9B548-607D-46AB-8DC2-D000B973DEF7}.Debug|Any CPU.ActiveCfg = Debug|Any CPU
		{17D9B548-607D-46AB-8DC2-D000B973DEF7}.Debug|Any CPU.Build.0 = Debug|Any CPU
		{17D9B548-607D-46AB-8DC2-D000B973DEF7}.Debug|x64.ActiveCfg = Debug|Any CPU
		{17D9B548-607D-46AB-8DC2-D000B973DEF7}.Debug|x64.Build.0 = Debug|Any CPU
		{17D9B548-607D-46AB-8DC2-D000B973DEF7}.Release|Any CPU.ActiveCfg = Release|Any CPU
		{17D9B548-607D-46AB-8DC2-D000B973DEF7}.Release|Any CPU.Build.0 = Release|Any CPU
		{17D9B548-607D-46AB-8DC2-D000B973DEF7}.Release|x64.ActiveCfg = Release|Any CPU
		{17D9B548-607D-46AB-8DC2-D000B973DEF7}.Release|x64.Build.0 = Release|Any CPU
		{8A3F95D4-37CB-4D80-B367-027A48B51D89}.Debug|Any CPU.ActiveCfg = Debug|Any CPU
		{8A3F95D4-37CB-4D80-B367-027A48B51D89}.Debug|Any CPU.Build.0 = Debug|Any CPU
		{8A3F95D4-37CB-4D80-B367-027A48B51D89}.Debug|x64.ActiveCfg = Debug|Any CPU
		{8A3F95D4-37CB-4D80-B367-027A48B51D89}.Debug|x64.Build.0 = Debug|Any CPU
		{8A3F95D4-37CB-4D80-B367-027A48B51D89}.Release|Any CPU.ActiveCfg = Release|Any CPU
		{8A3F95D4-37CB-4D80-B367-027A48B51D89}.Release|Any CPU.Build.0 = Release|Any CPU
		{8A3F95D4-37CB-4D80-B367-027A48B51D89}.Release|x64.ActiveCfg = Release|Any CPU
		{8A3F95D4-37CB-4D80-B367-027A48B51D89}.Release|x64.Build.0 = Release|Any CPU
		{F65F6C91-6026-4A82-8655-3B50487ADD65}.Debug|Any CPU.ActiveCfg = Debug|Any CPU
		{F65F6C91-6026-4A82-8655-3B50487ADD65}.Debug|Any CPU.Build.0 = Debug|Any CPU
		{F65F6C91-6026-4A82-8655-3B50487ADD65}.Debug|x64.ActiveCfg = Debug|Any CPU
		{F65F6C91-6026-4A82-8655-3B50487ADD65}.Debug|x64.Build.0 = Debug|Any CPU
		{F65F6C91-6026-4A82-8655-3B50487ADD65}.Release|Any CPU.ActiveCfg = Release|Any CPU
		{F65F6C91-6026-4A82-8655-3B50487ADD65}.Release|Any CPU.Build.0 = Release|Any CPU
		{F65F6C91-6026-4A82-8655-3B50487ADD65}.Release|x64.ActiveCfg = Release|Any CPU
		{F65F6C91-6026-4A82-8655-3B50487ADD65}.Release|x64.Build.0 = Release|Any CPU
		{167AB61A-2622-415B-8B6A-0C4A88656F30}.Debug|Any CPU.ActiveCfg = Debug|Any CPU
		{167AB61A-2622-415B-8B6A-0C4A88656F30}.Debug|Any CPU.Build.0 = Debug|Any CPU
		{167AB61A-2622-415B-8B6A-0C4A88656F30}.Debug|x64.ActiveCfg = Debug|Any CPU
		{167AB61A-2622-415B-8B6A-0C4A88656F30}.Debug|x64.Build.0 = Debug|Any CPU
		{167AB61A-2622-415B-8B6A-0C4A88656F30}.Release|Any CPU.ActiveCfg = Release|Any CPU
		{167AB61A-2622-415B-8B6A-0C4A88656F30}.Release|Any CPU.Build.0 = Release|Any CPU
		{167AB61A-2622-415B-8B6A-0C4A88656F30}.Release|x64.ActiveCfg = Release|Any CPU
		{167AB61A-2622-415B-8B6A-0C4A88656F30}.Release|x64.Build.0 = Release|Any CPU
		{820EE0AD-DF98-4656-B4FC-488643C9E975}.Debug|Any CPU.ActiveCfg = Debug|Any CPU
		{820EE0AD-DF98-4656-B4FC-488643C9E975}.Debug|Any CPU.Build.0 = Debug|Any CPU
		{820EE0AD-DF98-4656-B4FC-488643C9E975}.Debug|x64.ActiveCfg = Debug|Any CPU
		{820EE0AD-DF98-4656-B4FC-488643C9E975}.Debug|x64.Build.0 = Debug|Any CPU
		{820EE0AD-DF98-4656-B4FC-488643C9E975}.Release|Any CPU.ActiveCfg = Release|Any CPU
		{820EE0AD-DF98-4656-B4FC-488643C9E975}.Release|Any CPU.Build.0 = Release|Any CPU
		{820EE0AD-DF98-4656-B4FC-488643C9E975}.Release|x64.ActiveCfg = Release|Any CPU
		{820EE0AD-DF98-4656-B4FC-488643C9E975}.Release|x64.Build.0 = Release|Any CPU
	EndGlobalSection
	GlobalSection(SolutionProperties) = preSolution
		HideSolutionNode = FALSE
	EndGlobalSection
EndGlobal
